
Microsoft Visual Studio Solution File, Format Version 12.00
# Visual Studio 15
VisualStudioVersion = 15.0.26730.12
MinimumVisualStudioVersion = 10.0.40219.1
Project("{8BC9CEB8-8B4A-11D0-8D11-00A0C91BC942}") = "1087. All Roads Lead to Rome (30)", "1087. All Roads Lead to Rome (30)\1087. All Roads Lead to Rome (30).vcxproj", "{25D25BE7-96A4-4065-98A0-8552B10F3075}"
EndProject
Global
	GlobalSection(SolutionConfigurationPlatforms) = preSolution
		Debug|x64 = Debug|x64
		Debug|x86 = Debug|x86
		Release|x64 = Release|x64
		Release|x86 = Release|x86
	EndGlobalSection
	GlobalSection(ProjectConfigurationPlatforms) = postSolution
		{25D25BE7-96A4-4065-98A0-8552B10F3075}.Debug|x64.ActiveCfg = Debug|x64
		{25D25BE7-96A4-4065-98A0-8552B10F3075}.Debug|x64.Build.0 = Debug|x64
		{25D25BE7-96A4-4065-98A0-8552B10F3075}.Debug|x86.ActiveCfg = Debug|Win32
		{25D25BE7-96A4-4065-98A0-8552B10F3075}.Debug|x86.Build.0 = Debug|Win32
		{25D25BE7-96A4-4065-98A0-8552B10F3075}.Release|x64.ActiveCfg = Release|x64
		{25D25BE7-96A4-4065-98A0-8552B10F3075}.Release|x64.Build.0 = Release|x64
		{25D25BE7-96A4-4065-98A0-8552B10F3075}.Release|x86.ActiveCfg = Release|Win32
		{25D25BE7-96A4-4065-98A0-8552B10F3075}.Release|x86.Build.0 = Release|Win32
	EndGlobalSection
	GlobalSection(SolutionProperties) = preSolution
		HideSolutionNode = FALSE
	EndGlobalSection
	GlobalSection(ExtensibilityGlobals) = postSolution
		SolutionGuid = {ED455A95-C395-403D-AD69-F55EBAD8D2B3}
	EndGlobalSection
EndGlobal
