
Microsoft Visual Studio Solution File, Format Version 12.00
# Visual Studio 15
VisualStudioVersion = 15.0.26730.12
MinimumVisualStudioVersion = 10.0.40219.1
Project("{8BC9CEB8-8B4A-11D0-8D11-00A0C91BC942}") = "1040. Longest Symmetric String (25)", "1040. Longest Symmetric String (25)\1040. Longest Symmetric String (25).vcxproj", "{BD2CD870-EE05-4DD1-8E59-A648FB5D41C3}"
EndProject
Global
	GlobalSection(SolutionConfigurationPlatforms) = preSolution
		Debug|x64 = Debug|x64
		Debug|x86 = Debug|x86
		Release|x64 = Release|x64
		Release|x86 = Release|x86
	EndGlobalSection
	GlobalSection(ProjectConfigurationPlatforms) = postSolution
		{BD2CD870-EE05-4DD1-8E59-A648FB5D41C3}.Debug|x64.ActiveCfg = Debug|x64
		{BD2CD870-EE05-4DD1-8E59-A648FB5D41C3}.Debug|x64.Build.0 = Debug|x64
		{BD2CD870-EE05-4DD1-8E59-A648FB5D41C3}.Debug|x86.ActiveCfg = Debug|Win32
		{BD2CD870-EE05-4DD1-8E59-A648FB5D41C3}.Debug|x86.Build.0 = Debug|Win32
		{BD2CD870-EE05-4DD1-8E59-A648FB5D41C3}.Release|x64.ActiveCfg = Release|x64
		{BD2CD870-EE05-4DD1-8E59-A648FB5D41C3}.Release|x64.Build.0 = Release|x64
		{BD2CD870-EE05-4DD1-8E59-A648FB5D41C3}.Release|x86.ActiveCfg = Release|Win32
		{BD2CD870-EE05-4DD1-8E59-A648FB5D41C3}.Release|x86.Build.0 = Release|Win32
	EndGlobalSection
	GlobalSection(SolutionProperties) = preSolution
		HideSolutionNode = FALSE
	EndGlobalSection
	GlobalSection(ExtensibilityGlobals) = postSolution
		SolutionGuid = {9D5617FF-5BCB-447C-88FE-404292C223A4}
	EndGlobalSection
EndGlobal
